
Microsoft Visual Studio Solution File, Format Version 12.00
# Visual Studio 15
VisualStudioVersion = 15.0.26124.0
MinimumVisualStudioVersion = 15.0.26124.0
Project("{FAE04EC0-301F-11D3-BF4B-00C04F79EFBC}") = "ItemCheckout", "src\ItemCheckout.csproj", "{DEDAB5A5-1A3E-48A8-9477-53A4D29330C7}"
EndProject
Project("{FAE04EC0-301F-11D3-BF4B-00C04F79EFBC}") = "ItemCheckout.Tests", "tests\ItemCheckout.Tests.csproj", "{C84155CE-0604-4953-8C52-551A2AE0A06B}"
EndProject
Global
	GlobalSection(SolutionConfigurationPlatforms) = preSolution
		Debug|Any CPU = Debug|Any CPU
		Debug|x64 = Debug|x64
		Debug|x86 = Debug|x86
		Release|Any CPU = Release|Any CPU
		Release|x64 = Release|x64
		Release|x86 = Release|x86
	EndGlobalSection
	GlobalSection(SolutionProperties) = preSolution
		HideSolutionNode = FALSE
	EndGlobalSection
	GlobalSection(ProjectConfigurationPlatforms) = postSolution
		{DEDAB5A5-1A3E-48A8-9477-53A4D29330C7}.Debug|Any CPU.ActiveCfg = Debug|Any CPU
		{DEDAB5A5-1A3E-48A8-9477-53A4D29330C7}.Debug|Any CPU.Build.0 = Debug|Any CPU
		{DEDAB5A5-1A3E-48A8-9477-53A4D29330C7}.Debug|x64.ActiveCfg = Debug|Any CPU
		{DEDAB5A5-1A3E-48A8-9477-53A4D29330C7}.Debug|x64.Build.0 = Debug|Any CPU
		{DEDAB5A5-1A3E-48A8-9477-53A4D29330C7}.Debug|x86.ActiveCfg = Debug|Any CPU
		{DEDAB5A5-1A3E-48A8-9477-53A4D29330C7}.Debug|x86.Build.0 = Debug|Any CPU
		{DEDAB5A5-1A3E-48A8-9477-53A4D29330C7}.Release|Any CPU.ActiveCfg = Release|Any CPU
		{DEDAB5A5-1A3E-48A8-9477-53A4D29330C7}.Release|Any CPU.Build.0 = Release|Any CPU
		{DEDAB5A5-1A3E-48A8-9477-53A4D29330C7}.Release|x64.ActiveCfg = Release|Any CPU
		{DEDAB5A5-1A3E-48A8-9477-53A4D29330C7}.Release|x64.Build.0 = Release|Any CPU
		{DEDAB5A5-1A3E-48A8-9477-53A4D29330C7}.Release|x86.ActiveCfg = Release|Any CPU
		{DEDAB5A5-1A3E-48A8-9477-53A4D29330C7}.Release|x86.Build.0 = Release|Any CPU
		{C84155CE-0604-4953-8C52-551A2AE0A06B}.Debug|Any CPU.ActiveCfg = Debug|Any CPU
		{C84155CE-0604-4953-8C52-551A2AE0A06B}.Debug|Any CPU.Build.0 = Debug|Any CPU
		{C84155CE-0604-4953-8C52-551A2AE0A06B}.Debug|x64.ActiveCfg = Debug|Any CPU
		{C84155CE-0604-4953-8C52-551A2AE0A06B}.Debug|x64.Build.0 = Debug|Any CPU
		{C84155CE-0604-4953-8C52-551A2AE0A06B}.Debug|x86.ActiveCfg = Debug|Any CPU
		{C84155CE-0604-4953-8C52-551A2AE0A06B}.Debug|x86.Build.0 = Debug|Any CPU
		{C84155CE-0604-4953-8C52-551A2AE0A06B}.Release|Any CPU.ActiveCfg = Release|Any CPU
		{C84155CE-0604-4953-8C52-551A2AE0A06B}.Release|Any CPU.Build.0 = Release|Any CPU
		{C84155CE-0604-4953-8C52-551A2AE0A06B}.Release|x64.ActiveCfg = Release|Any CPU
		{C84155CE-0604-4953-8C52-551A2AE0A06B}.Release|x64.Build.0 = Release|Any CPU
		{C84155CE-0604-4953-8C52-551A2AE0A06B}.Release|x86.ActiveCfg = Release|Any CPU
		{C84155CE-0604-4953-8C52-551A2AE0A06B}.Release|x86.Build.0 = Release|Any CPU
	EndGlobalSection
EndGlobal
